
Microsoft Visual Studio Solution File, Format Version 12.00
# Visual Studio Version 17
VisualStudioVersion = 17.1.32210.238
MinimumVisualStudioVersion = 10.0.40219.1
Project("{FAE04EC0-301F-11D3-BF4B-00C04F79EFBC}") = "Search.Api", "src\Search.Api\Search.Api.csproj", "{1C73F380-D9A3-4548-9205-E8760064FE41}"
EndProject
Global
	GlobalSection(SolutionConfigurationPlatforms) = preSolution
		Debug|Any CPU = Debug|Any CPU
		Release|Any CPU = Release|Any CPU
	EndGlobalSection
	GlobalSection(ProjectConfigurationPlatforms) = postSolution
		{1C73F380-D9A3-4548-9205-E8760064FE41}.Debug|Any CPU.ActiveCfg = Debug|Any CPU
		{1C73F380-D9A3-4548-9205-E8760064FE41}.Debug|Any CPU.Build.0 = Debug|Any CPU
		{1C73F380-D9A3-4548-9205-E8760064FE41}.Release|Any CPU.ActiveCfg = Release|Any CPU
		{1C73F380-D9A3-4548-9205-E8760064FE41}.Release|Any CPU.Build.0 = Release|Any CPU
	EndGlobalSection
	GlobalSection(SolutionProperties) = preSolution
		HideSolutionNode = FALSE
	EndGlobalSection
	GlobalSection(ExtensibilityGlobals) = postSolution
		SolutionGuid = {71D29941-8108-48E3-90B0-403EB5F760AA}
	EndGlobalSection
EndGlobal
